// !$*UTF8*$!
{
	archiveVersion = 1;
	classes = {
	};
	objectVersion = 51;
	objects = {

/* Begin PBXBuildFile section */
		A8BDDD3B772562987A276963 /* Pods_AnimationApp.framework in Frameworks */ = {isa = PBXBuildFile; fileRef = 3B6539094547B1D9A3B8B628 /* Pods_AnimationApp.framework */; };
		C1AF78B0263801DD002FF51F /* AppDelegate.swift in Sources */ = {isa = PBXBuildFile; fileRef = C1AF78AF263801DD002FF51F /* AppDelegate.swift */; };
		C1AF78B2263801DD002FF51F /* SceneDelegate.swift in Sources */ = {isa = PBXBuildFile; fileRef = C1AF78B1263801DD002FF51F /* SceneDelegate.swift */; };
		C1AF78B4263801DD002FF51F /* ViewController.swift in Sources */ = {isa = PBXBuildFile; fileRef = C1AF78B3263801DD002FF51F /* ViewController.swift */; };
		C1AF78B7263801DE002FF51F /* Main.storyboard in Resources */ = {isa = PBXBuildFile; fileRef = C1AF78B5263801DE002FF51F /* Main.storyboard */; };
		C1AF78B9263801E2002FF51F /* Assets.xcassets in Resources */ = {isa = PBXBuildFile; fileRef = C1AF78B8263801E2002FF51F /* Assets.xcassets */; };
		C1AF78BC263801E2002FF51F /* LaunchScreen.storyboard in Resources */ = {isa = PBXBuildFile; fileRef = C1AF78BA263801E2002FF51F /* LaunchScreen.storyboard */; };
		C1AF78CB2638700D002FF51F /* Animation.swift in Sources */ = {isa = PBXBuildFile; fileRef = C1AF78CA2638700D002FF51F /* Animation.swift */; };
		C1AF78D026387CDF002FF51F /* DataManager.swift in Sources */ = {isa = PBXBuildFile; fileRef = C1AF78CF26387CDF002FF51F /* DataManager.swift */; };
/* End PBXBuildFile section */

/* Begin PBXFileReference section */
		3B6539094547B1D9A3B8B628 /* Pods_AnimationApp.framework */ = {isa = PBXFileReference; explicitFileType = wrapper.framework; includeInIndex = 0; path = Pods_AnimationApp.framework; sourceTree = BUILT_PRODUCTS_DIR; };
		4DE53AC45B324983CA7085A1 /* Pods-AnimationApp.release.xcconfig */ = {isa = PBXFileReference; includeInIndex = 1; lastKnownFileType = text.xcconfig; name = "Pods-AnimationApp.release.xcconfig"; path = "Target Support Files/Pods-AnimationApp/Pods-AnimationApp.release.xcconfig"; sourceTree = "<group>"; };
		C1AF78AC263801DD002FF51F /* AnimationApp.app */ = {isa = PBXFileReference; explicitFileType = wrapper.application; includeInIndex = 0; path = AnimationApp.app; sourceTree = BUILT_PRODUCTS_DIR; };
		C1AF78AF263801DD002FF51F /* AppDelegate.swift */ = {isa = PBXFileReference; lastKnownFileType = sourcecode.swift; path = AppDelegate.swift; sourceTree = "<group>"; };
		C1AF78B1263801DD002FF51F /* SceneDelegate.swift */ = {isa = PBXFileReference; lastKnownFileType = sourcecode.swift; path = SceneDelegate.swift; sourceTree = "<group>"; };
		C1AF78B3263801DD002FF51F /* ViewController.swift */ = {isa = PBXFileReference; lastKnownFileType = sourcecode.swift; path = ViewController.swift; sourceTree = "<group>"; };
		C1AF78B6263801DE002FF51F /* Base */ = {isa = PBXFileReference; lastKnownFileType = file.storyboard; name = Base; path = Base.lproj/Main.storyboard; sourceTree = "<group>"; };
		C1AF78B8263801E2002FF51F /* Assets.xcassets */ = {isa = PBXFileReference; lastKnownFileType = folder.assetcatalog; path = Assets.xcassets; sourceTree = "<group>"; };
		C1AF78BB263801E2002FF51F /* Base */ = {isa = PBXFileReference; lastKnownFileType = file.storyboard; name = Base; path = Base.lproj/LaunchScreen.storyboard; sourceTree = "<group>"; };
		C1AF78BD263801E2002FF51F /* Info.plist */ = {isa = PBXFileReference; lastKnownFileType = text.plist.xml; path = Info.plist; sourceTree = "<group>"; };
		C1AF78CA2638700D002FF51F /* Animation.swift */ = {isa = PBXFileReference; lastKnownFileType = sourcecode.swift; path = Animation.swift; sourceTree = "<group>"; };
		C1AF78CF26387CDF002FF51F /* DataManager.swift */ = {isa = PBXFileReference; lastKnownFileType = sourcecode.swift; path = DataManager.swift; sourceTree = "<group>"; };
		E56506057C68B8B38D1FADDE /* Pods-AnimationApp.debug.xcconfig */ = {isa = PBXFileReference; includeInIndex = 1; lastKnownFileType = text.xcconfig; name = "Pods-AnimationApp.debug.xcconfig"; path = "Target Support Files/Pods-AnimationApp/Pods-AnimationApp.debug.xcconfig"; sourceTree = "<group>"; };
/* End PBXFileReference section */

/* Begin PBXFrameworksBuildPhase section */
		C1AF78A9263801DD002FF51F /* Frameworks */ = {
			isa = PBXFrameworksBuildPhase;
			buildActionMask = 2147483647;
			files = (
				A8BDDD3B772562987A276963 /* Pods_AnimationApp.framework in Frameworks */,
			);
			runOnlyForDeploymentPostprocessing = 0;
		};
/* End PBXFrameworksBuildPhase section */

/* Begin PBXGroup section */
		0D1E3A2BFEACC0FC94A87A3E /* Pods */ = {
			isa = PBXGroup;
			children = (
				E56506057C68B8B38D1FADDE /* Pods-AnimationApp.debug.xcconfig */,
				4DE53AC45B324983CA7085A1 /* Pods-AnimationApp.release.xcconfig */,
			);
			path = Pods;
			sourceTree = "<group>";
		};
		C1AF78A3263801DD002FF51F = {
			isa = PBXGroup;
			children = (
				C1AF78AE263801DD002FF51F /* AnimationApp */,
				C1AF78AD263801DD002FF51F /* Products */,
				0D1E3A2BFEACC0FC94A87A3E /* Pods */,
				EC703C9C8B3A3889BA3816E3 /* Frameworks */,
			);
			sourceTree = "<group>";
		};
		C1AF78AD263801DD002FF51F /* Products */ = {
			isa = PBXGroup;
			children = (
				C1AF78AC263801DD002FF51F /* AnimationApp.app */,
			);
			name = Products;
			sourceTree = "<group>";
		};
		C1AF78AE263801DD002FF51F /* AnimationApp */ = {
			isa = PBXGroup;
			children = (
				C1AF78DA26398E36002FF51F /* ViewControllers */,
				C1AF78D726398DAC002FF51F /* Storyboards */,
				C1AF78D626398D7C002FF51F /* Models */,
				C1AF78DE26398F6B002FF51F /* Data */,
				C1AF78D826398DFD002FF51F /* Supporting */,
				C1AF78DB26398E52002FF51F /* Resources */,
			);
			path = AnimationApp;
			sourceTree = "<group>";
		};
		C1AF78D626398D7C002FF51F /* Models */ = {
			isa = PBXGroup;
			children = (
				C1AF78CA2638700D002FF51F /* Animation.swift */,
			);
			path = Models;
			sourceTree = "<group>";
		};
		C1AF78D726398DAC002FF51F /* Storyboards */ = {
			isa = PBXGroup;
			children = (
				C1AF78B5263801DE002FF51F /* Main.storyboard */,
				C1AF78BA263801E2002FF51F /* LaunchScreen.storyboard */,
			);
			path = Storyboards;
			sourceTree = "<group>";
		};
		C1AF78D826398DFD002FF51F /* Supporting */ = {
			isa = PBXGroup;
			children = (
				C1AF78AF263801DD002FF51F /* AppDelegate.swift */,
				C1AF78B1263801DD002FF51F /* SceneDelegate.swift */,
				C1AF78BD263801E2002FF51F /* Info.plist */,
			);
			path = Supporting;
			sourceTree = "<group>";
		};
		C1AF78DA26398E36002FF51F /* ViewControllers */ = {
			isa = PBXGroup;
			children = (
				C1AF78B3263801DD002FF51F /* ViewController.swift */,
			);
			path = ViewControllers;
			sourceTree = "<group>";
		};
		C1AF78DB26398E52002FF51F /* Resources */ = {
			isa = PBXGroup;
			children = (
				C1AF78B8263801E2002FF51F /* Assets.xcassets */,
			);
			path = Resources;
			sourceTree = "<group>";
		};
		C1AF78DE26398F6B002FF51F /* Data */ = {
			isa = PBXGroup;
			children = (
				C1AF78CF26387CDF002FF51F /* DataManager.swift */,
			);
			path = Data;
			sourceTree = "<group>";
		};
		EC703C9C8B3A3889BA3816E3 /* Frameworks */ = {
			isa = PBXGroup;
			children = (
				3B6539094547B1D9A3B8B628 /* Pods_AnimationApp.framework */,
			);
			name = Frameworks;
			sourceTree = "<group>";
		};
/* End PBXGroup section */

/* Begin PBXNativeTarget section */
		C1AF78AB263801DD002FF51F /* AnimationApp */ = {
			isa = PBXNativeTarget;
			buildConfigurationList = C1AF78C0263801E2002FF51F /* Build configuration list for PBXNativeTarget "AnimationApp" */;
			buildPhases = (
				10FD8A63C2D5144EA92C5642 /* [CP] Check Pods Manifest.lock */,
				C1AF78A8263801DD002FF51F /* Sources */,
				C1AF78A9263801DD002FF51F /* Frameworks */,
				C1AF78AA263801DD002FF51F /* Resources */,
				51E80E17A27A72C0B4EC9F01 /* [CP] Embed Pods Frameworks */,
			);
			buildRules = (
			);
			dependencies = (
			);
			name = AnimationApp;
			productName = AnimationApp;
			productReference = C1AF78AC263801DD002FF51F /* AnimationApp.app */;
			productType = "com.apple.product-type.application";
		};
/* End PBXNativeTarget section */

/* Begin PBXProject section */
		C1AF78A4263801DD002FF51F /* Project object */ = {
			isa = PBXProject;
			attributes = {
				LastSwiftUpdateCheck = 1240;
				LastUpgradeCheck = 1240;
				TargetAttributes = {
					C1AF78AB263801DD002FF51F = {
						CreatedOnToolsVersion = 12.4;
					};
				};
			};
			buildConfigurationList = C1AF78A7263801DD002FF51F /* Build configuration list for PBXProject "AnimationApp" */;
			compatibilityVersion = "Xcode 9.3";
			developmentRegion = en;
			hasScannedForEncodings = 0;
			knownRegions = (
				en,
				Base,
			);
			mainGroup = C1AF78A3263801DD002FF51F;
			productRefGroup = C1AF78AD263801DD002FF51F /* Products */;
			projectDirPath = "";
			projectRoot = "";
			targets = (
				C1AF78AB263801DD002FF51F /* AnimationApp */,
			);
		};
/* End PBXProject section */

/* Begin PBXResourcesBuildPhase section */
		C1AF78AA263801DD002FF51F /* Resources */ = {
			isa = PBXResourcesBuildPhase;
			buildActionMask = 2147483647;
			files = (
				C1AF78BC263801E2002FF51F /* LaunchScreen.storyboard in Resources */,
				C1AF78B9263801E2002FF51F /* Assets.xcassets in Resources */,
				C1AF78B7263801DE002FF51F /* Main.storyboard in Resources */,
			);
			runOnlyForDeploymentPostprocessing = 0;
		};
/* End PBXResourcesBuildPhase section */

/* Begin PBXShellScriptBuildPhase section */
		10FD8A63C2D5144EA92C5642 /* [CP] Check Pods Manifest.lock */ = {
			isa = PBXShellScriptBuildPhase;
			buildActionMask = 2147483647;
			files = (
			);
			inputFileListPaths = (
			);
			inputPaths = (
				"${PODS_PODFILE_DIR_PATH}/Podfile.lock",
				"${PODS_ROOT}/Manifest.lock",
			);
			name = "[CP] Check Pods Manifest.lock";
			outputFileListPaths = (
			);
			outputPaths = (
				"$(DERIVED_FILE_DIR)/Pods-AnimationApp-checkManifestLockResult.txt",
			);
			runOnlyForDeploymentPostprocessing = 0;
			shellPath = /bin/sh;
			shellScript = "diff \"${PODS_PODFILE_DIR_PATH}/Podfile.lock\" \"${PODS_ROOT}/Manifest.lock\" > /dev/null\nif [ $? != 0 ] ; then\n    # print error to STDERR\n    echo \"error: The sandbox is not in sync with the Podfile.lock. Run 'pod install' or update your CocoaPods installation.\" >&2\n    exit 1\nfi\n# This output is used by Xcode 'outputs' to avoid re-running this script phase.\necho \"SUCCESS\" > \"${SCRIPT_OUTPUT_FILE_0}\"\n";
			showEnvVarsInLog = 0;
		};
		51E80E17A27A72C0B4EC9F01 /* [CP] Embed Pods Frameworks */ = {
			isa = PBXShellScriptBuildPhase;
			buildActionMask = 2147483647;
			files = (
			);
			inputFileListPaths = (
				"${PODS_ROOT}/Target Support Files/Pods-AnimationApp/Pods-AnimationApp-frameworks-${CONFIGURATION}-input-files.xcfilelist",
			);
			name = "[CP] Embed Pods Frameworks";
			outputFileListPaths = (
				"${PODS_ROOT}/Target Support Files/Pods-AnimationApp/Pods-AnimationApp-frameworks-${CONFIGURATION}-output-files.xcfilelist",
			);
			runOnlyForDeploymentPostprocessing = 0;
			shellPath = /bin/sh;
			shellScript = "\"${PODS_ROOT}/Target Support Files/Pods-AnimationApp/Pods-AnimationApp-frameworks.sh\"\n";
			showEnvVarsInLog = 0;
		};
/* End PBXShellScriptBuildPhase section */

/* Begin PBXSourcesBuildPhase section */
		C1AF78A8263801DD002FF51F /* Sources */ = {
			isa = PBXSourcesBuildPhase;
			buildActionMask = 2147483647;
			files = (
				C1AF78B4263801DD002FF51F /* ViewController.swift in Sources */,
				C1AF78D026387CDF002FF51F /* DataManager.swift in Sources */,
				C1AF78B0263801DD002FF51F /* AppDelegate.swift in Sources */,
				C1AF78CB2638700D002FF51F /* Animation.swift in Sources */,
				C1AF78B2263801DD002FF51F /* SceneDelegate.swift in Sources */,
			);
			runOnlyForDeploymentPostprocessing = 0;
		};
/* End PBXSourcesBuildPhase section */

/* Begin PBXVariantGroup section */
		C1AF78B5263801DE002FF51F /* Main.storyboard */ = {
			isa = PBXVariantGroup;
			children = (
				C1AF78B6263801DE002FF51F /* Base */,
			);
			name = Main.storyboard;
			sourceTree = "<group>";
		};
		C1AF78BA263801E2002FF51F /* LaunchScreen.storyboard */ = {
			isa = PBXVariantGroup;
			children = (
				C1AF78BB263801E2002FF51F /* Base */,
			);
			name = LaunchScreen.storyboard;
			sourceTree = "<group>";
		};
/* End PBXVariantGroup section */

/* Begin XCBuildConfiguration section */
		C1AF78BE263801E2002FF51F /* Debug */ = {
			isa = XCBuildConfiguration;
			buildSettings = {
				ALWAYS_SEARCH_USER_PATHS = NO;
				CLANG_ANALYZER_NONNULL = YES;
				CLANG_ANALYZER_NUMBER_OBJECT_CONVERSION = YES_AGGRESSIVE;
				CLANG_CXX_LANGUAGE_STANDARD = "gnu++14";
				CLANG_CXX_LIBRARY = "libc++";
				CLANG_ENABLE_MODULES = YES;
				CLANG_ENABLE_OBJC_ARC = YES;
				CLANG_ENABLE_OBJC_WEAK = YES;
				CLANG_WARN_BLOCK_CAPTURE_AUTORELEASING = YES;
				CLANG_WARN_BOOL_CONVERSION = YES;
				CLANG_WARN_COMMA = YES;
				CLANG_WARN_CONSTANT_CONVERSION = YES;
				CLANG_WARN_DEPRECATED_OBJC_IMPLEMENTATIONS = YES;
				CLANG_WARN_DIRECT_OBJC_ISA_USAGE = YES_ERROR;
				CLANG_WARN_DOCUMENTATION_COMMENTS = YES;
				CLANG_WARN_EMPTY_BODY = YES;
				CLANG_WARN_ENUM_CONVERSION = YES;
				CLANG_WARN_INFINITE_RECURSION = YES;
				CLANG_WARN_INT_CONVERSION = YES;
				CLANG_WARN_NON_LITERAL_NULL_CONVERSION = YES;
				CLANG_WARN_OBJC_IMPLICIT_RETAIN_SELF = YES;
				CLANG_WARN_OBJC_LITERAL_CONVERSION = YES;
				CLANG_WARN_OBJC_ROOT_CLASS = YES_ERROR;
				CLANG_WARN_QUOTED_INCLUDE_IN_FRAMEWORK_HEADER = YES;
				CLANG_WARN_RANGE_LOOP_ANALYSIS = YES;
				CLANG_WARN_STRICT_PROTOTYPES = YES;
				CLANG_WARN_SUSPICIOUS_MOVE = YES;
				CLANG_WARN_UNGUARDED_AVAILABILITY = YES_AGGRESSIVE;
				CLANG_WARN_UNREACHABLE_CODE = YES;
				CLANG_WARN__DUPLICATE_METHOD_MATCH = YES;
				COPY_PHASE_STRIP = NO;
				DEBUG_INFORMATION_FORMAT = dwarf;
				ENABLE_STRICT_OBJC_MSGSEND = YES;
				ENABLE_TESTABILITY = YES;
				GCC_C_LANGUAGE_STANDARD = gnu11;
				GCC_DYNAMIC_NO_PIC = NO;
				GCC_NO_COMMON_BLOCKS = YES;
				GCC_OPTIMIZATION_LEVEL = 0;
				GCC_PREPROCESSOR_DEFINITIONS = (
					"DEBUG=1",
					"$(inherited)",
				);
				GCC_WARN_64_TO_32_BIT_CONVERSION = YES;
				GCC_WARN_ABOUT_RETURN_TYPE = YES_ERROR;
				GCC_WARN_UNDECLARED_SELECTOR = YES;
				GCC_WARN_UNINITIALIZED_AUTOS = YES_AGGRESSIVE;
				GCC_WARN_UNUSED_FUNCTION = YES;
				GCC_WARN_UNUSED_VARIABLE = YES;
				IPHONEOS_DEPLOYMENT_TARGET = 14.4;
				MTL_ENABLE_DEBUG_INFO = INCLUDE_SOURCE;
				MTL_FAST_MATH = YES;
				ONLY_ACTIVE_ARCH = YES;
				SDKROOT = iphoneos;
				SWIFT_ACTIVE_COMPILATION_CONDITIONS = DEBUG;
				SWIFT_OPTIMIZATION_LEVEL = "-Onone";
			};
			name = Debug;
		};
		C1AF78BF263801E2002FF51F /* Release */ = {
			isa = XCBuildConfiguration;
			buildSettings = {
				ALWAYS_SEARCH_USER_PATHS = NO;
				CLANG_ANALYZER_NONNULL = YES;
				CLANG_ANALYZER_NUMBER_OBJECT_CONVERSION = YES_AGGRESSIVE;
				CLANG_CXX_LANGUAGE_STANDARD = "gnu++14";
				CLANG_CXX_LIBRARY = "libc++";
				CLANG_ENABLE_MODULES = YES;
				CLANG_ENABLE_OBJC_ARC = YES;
				CLANG_ENABLE_OBJC_WEAK = YES;
				CLANG_WARN_BLOCK_CAPTURE_AUTORELEASING = YES;
				CLANG_WARN_BOOL_CONVERSION = YES;
				CLANG_WARN_COMMA = YES;
				CLANG_WARN_CONSTANT_CONVERSION = YES;
				CLANG_WARN_DEPRECATED_OBJC_IMPLEMENTATIONS = YES;
				CLANG_WARN_DIRECT_OBJC_ISA_USAGE = YES_ERROR;
				CLANG_WARN_DOCUMENTATION_COMMENTS = YES;
				CLANG_WARN_EMPTY_BODY = YES;
				CLANG_WARN_ENUM_CONVERSION = YES;
				CLANG_WARN_INFINITE_RECURSION = YES;
				CLANG_WARN_INT_CONVERSION = YES;
				CLANG_WARN_NON_LITERAL_NULL_CONVERSION = YES;
				CLANG_WARN_OBJC_IMPLICIT_RETAIN_SELF = YES;
				CLANG_WARN_OBJC_LITERAL_CONVERSION = YES;
				CLANG_WARN_OBJC_ROOT_CLASS = YES_ERROR;
				CLANG_WARN_QUOTED_INCLUDE_IN_FRAMEWORK_HEADER = YES;
				CLANG_WARN_RANGE_LOOP_ANALYSIS = YES;
				CLANG_WARN_STRICT_PROTOTYPES = YES;
				CLANG_WARN_SUSPICIOUS_MOVE = YES;
				CLANG_WARN_UNGUARDED_AVAILABILITY = YES_AGGRESSIVE;
				CLANG_WARN_UNREACHABLE_CODE = YES;
				CLANG_WARN__DUPLICATE_METHOD_MATCH = YES;
				COPY_PHASE_STRIP = NO;
				DEBUG_INFORMATION_FORMAT = "dwarf-with-dsym";
				ENABLE_NS_ASSERTIONS = NO;
				ENABLE_STRICT_OBJC_MSGSEND = YES;
				GCC_C_LANGUAGE_STANDARD = gnu11;
				GCC_NO_COMMON_BLOCKS = YES;
				GCC_WARN_64_TO_32_BIT_CONVERSION = YES;
				GCC_WARN_ABOUT_RETURN_TYPE = YES_ERROR;
				GCC_WARN_UNDECLARED_SELECTOR = YES;
				GCC_WARN_UNINITIALIZED_AUTOS = YES_AGGRESSIVE;
				GCC_WARN_UNUSED_FUNCTION = YES;
				GCC_WARN_UNUSED_VARIABLE = YES;
				IPHONEOS_DEPLOYMENT_TARGET = 14.4;
				MTL_ENABLE_DEBUG_INFO = NO;
				MTL_FAST_MATH = YES;
				SDKROOT = iphoneos;
				SWIFT_COMPILATION_MODE = wholemodule;
				SWIFT_OPTIMIZATION_LEVEL = "-O";
				VALIDATE_PRODUCT = YES;
			};
			name = Release;
		};
		C1AF78C1263801E2002FF51F /* Debug */ = {
			isa = XCBuildConfiguration;
			baseConfigurationReference = E56506057C68B8B38D1FADDE /* Pods-AnimationApp.debug.xcconfig */;
			buildSettings = {
				ASSETCATALOG_COMPILER_APPICON_NAME = AppIcon;
				ASSETCATALOG_COMPILER_GLOBAL_ACCENT_COLOR_NAME = AccentColor;
				CODE_SIGN_STYLE = Automatic;
				DEVELOPMENT_TEAM = 7625BBDFN3;
				INFOPLIST_FILE = AnimationApp/Supporting/Info.plist;
				LD_RUNPATH_SEARCH_PATHS = (
					"$(inherited)",
					"@executable_path/Frameworks",
				);
				PRODUCT_BUNDLE_IDENTIFIER = LuzyaninaNP.AnimationApp;
				PRODUCT_NAME = "$(TARGET_NAME)";
				SWIFT_VERSION = 5.0;
				TARGETED_DEVICE_FAMILY = "1,2";
			};
			name = Debug;
		};
		C1AF78C2263801E2002FF51F /* Release */ = {
			isa = XCBuildConfiguration;
			baseConfigurationReference = 4DE53AC45B324983CA7085A1 /* Pods-AnimationApp.release.xcconfig */;
			buildSettings = {
				ASSETCATALOG_COMPILER_APPICON_NAME = AppIcon;
				ASSETCATALOG_COMPILER_GLOBAL_ACCENT_COLOR_NAME = AccentColor;
				CODE_SIGN_STYLE = Automatic;
				DEVELOPMENT_TEAM = 7625BBDFN3;
				INFOPLIST_FILE = AnimationApp/Supporting/Info.plist;
				LD_RUNPATH_SEARCH_PATHS = (
					"$(inherited)",
					"@executable_path/Frameworks",
				);
				PRODUCT_BUNDLE_IDENTIFIER = LuzyaninaNP.AnimationApp;
				PRODUCT_NAME = "$(TARGET_NAME)";
				SWIFT_VERSION = 5.0;
				TARGETED_DEVICE_FAMILY = "1,2";
			};
			name = Release;
		};
/* End XCBuildConfiguration section */

/* Begin XCConfigurationList section */
		C1AF78A7263801DD002FF51F /* Build configuration list for PBXProject "AnimationApp" */ = {
			isa = XCConfigurationList;
			buildConfigurations = (
				C1AF78BE263801E2002FF51F /* Debug */,
				C1AF78BF263801E2002FF51F /* Release */,
			);
			defaultConfigurationIsVisible = 0;
			defaultConfigurationName = Release;
		};
		C1AF78C0263801E2002FF51F /* Build configuration list for PBXNativeTarget "AnimationApp" */ = {
			isa = XCConfigurationList;
			buildConfigurations = (
				C1AF78C1263801E2002FF51F /* Debug */,
				C1AF78C2263801E2002FF51F /* Release */,
			);
			defaultConfigurationIsVisible = 0;
			defaultConfigurationName = Release;
		};
/* End XCConfigurationList section */
	};
	rootObject = C1AF78A4263801DD002FF51F /* Project object */;
}
